lockfileVersion: 5.4

specifiers:
  '@tauri-apps/api': ^1.1.0
  '@tauri-apps/cli': ^1.1.0
  '@types/node': ^18.7.11
  '@types/react': ^18.0.17
  '@types/react-dom': ^18.0.6
  next: ^12.2.5
  react: ^18.2.0
  react-dom: ^18.2.0
  typescript: ^4.7.4

dependencies:
  '@tauri-apps/api': 1.1.0
  next: 12.3.2_biqbaboplfbrettd7655fr4n2y
  react: 18.2.0
  react-dom: 18.2.0_react@18.2.0

devDependencies:
  '@tauri-apps/cli': 1.1.1
  '@types/node': 18.11.9
  '@types/react': 18.0.25
  '@types/react-dom': 18.0.8
  typescript: 4.8.4

packages:

  /@next/env/12.3.2:
    resolution: {integrity: sha512-upwtMaHxlv/udAWGq0kE+rg8huwmcxQPsKZFhS1R5iVO323mvxEBe1YrSXe1awLbg9sTIuEHbgxjLLt7JbeuAQ==}
    dev: false

  /@next/swc-android-arm-eabi/12.3.2:
    resolution: {integrity: sha512-r2rrz+DZ8YYGqzVrbRrpP6GKzwozpOrnFbErc4k36vUTSFMag9yQahZfaBe06JYdqu/e5yhm/saIDEaSVPRP4g==}
    engines: {node: '>= 10'}
    cpu: [arm]
    os: [android]
    requiresBuild: true
    dev: false
    optional: true

  /@next/swc-android-arm64/12.3.2:
    resolution: {integrity: sha512-B+TINJhCf+CrY1+b3/JWQlkecv53rAGa/gA7gi5B1cnBa/2Uvoe+Ue0JeCefTjfiyl1ScsyNx+NcESY8Ye2Ngg==}
    engines: {node: '>= 10'}
    cpu: [arm64]
    os: [android]
    requiresBuild: true
    dev: false
    optional: true

  /@next/swc-darwin-arm64/12.3.2:
    resolution: {integrity: sha512-PTUfe1ZrwjsiuTmr3bOM9lsoy5DCmfYsLOUF9ZVhtbi5MNJVmUTy4VZ06GfrvnCO5hGCr48z3vpFE9QZ0qLcPw==}
    engines: {node: '>= 10'}
    cpu: [arm64]
    os: [darwin]
    requiresBuild: true
    dev: false
    optional: true

  /@next/swc-darwin-x64/12.3.2:
    resolution: {integrity: sha512-1HkjmS9awwlaeEY8Y01nRSNkSv3y+qnC/mjMPe/W66hEh3QKa/LQHqHeS7NOdEs19B2mhZ7w+EgMRXdLQ0Su8w==}
    engines: {node: '>= 10'}
    cpu: [x64]
    os: [darwin]
    requiresBuild: true
    dev: false
    optional: true

  /@next/swc-freebsd-x64/12.3.2:
    resolution: {integrity: sha512-h5Mx0BKDCJ5Vu/U8e07esF6PjPv1EJgmRbYWTUZMAflu13MQpCJkKEJir7+BeRfTXRfgFf+llc7uocrpd7mcrg==}
    engines: {node: '>= 10'}
    cpu: [x64]
    os: [freebsd]
    requiresBuild: true
    dev: false
    optional: true

  /@next/swc-linux-arm-gnueabihf/12.3.2:
    resolution: {integrity: sha512-EuRZAamoxfe/WoWRaC0zsCAoE4gs/mEhilcloNM4J5Mnb3PLY8PZV394W7t5tjBjItMCF7l2Ebwjwtm46tq2RA==}
    engines: {node: '>= 10'}
    cpu: [arm]
    os: [linux]
    requiresBuild: true
    dev: false
    optional: true

  /@next/swc-linux-arm64-gnu/12.3.2:
    resolution: {integrity: sha512-T9GCFyOIb4S3acA9LqflUYD+QZ94iZketHCqKdoO0Nx0OCHIgGJV5rotDe8TDXwh/goYpIfyHU4j1qqw4w4VnA==}
    engines: {node: '>= 10'}
    cpu: [arm64]
    os: [linux]
    requiresBuild: true
    dev: false
    optional: true

  /@next/swc-linux-arm64-musl/12.3.2:
    resolution: {integrity: sha512-hxNVZS6L3c2z3l9EH2GP0MGQ9exu6O8cohYNZyqC9WUl6C03sEn8xzDH1y+NgD3fVurvYkGU5F0PDddJJLfDIw==}
    engines: {node: '>= 10'}
    cpu: [arm64]
    os: [linux]
    requiresBuild: true
    dev: false
    optional: true

  /@next/swc-linux-x64-gnu/12.3.2:
    resolution: {integrity: sha512-fCPkLuwDwY8/QeXxciJJjDHG09liZym/Bhb4A+RLFQ877wUkwFsNWDUTSdUx0YXlYK/1gf67BKauqKkOKp6CYw==}
    engines: {node: '>= 10'}
    cpu: [x64]
    os: [linux]
    requiresBuild: true
    dev: false
    optional: true

  /@next/swc-linux-x64-musl/12.3.2:
    resolution: {integrity: sha512-o+GifBIQ2K+/MEFxHsxUZoU3bsuVFLXZYWd3idimFHiVdDCVYiKsY6mYMmKDlucX+9xRyOCkKL9Tjf+3tuXJpw==}
    engines: {node: '>= 10'}
    cpu: [x64]
    os: [linux]
    requiresBuild: true
    dev: false
    optional: true

  /@next/swc-win32-arm64-msvc/12.3.2:
    resolution: {integrity: sha512-crii66irzGGMSUR0L8r9+A06eTv7FTXqw4rgzJ33M79EwQJOdpY7RVKXLQMurUhniEeQEEOfamiEdPIi/qxisw==}
    engines: {node: '>= 10'}
    cpu: [arm64]
    os: [win32]
    requiresBuild: true
    dev: false
    optional: true

  /@next/swc-win32-ia32-msvc/12.3.2:
    resolution: {integrity: sha512-5hRUSvn3MdQ4nVRu1rmKxq5YJzpTtZfaC/NyGw6wa4NSF1noUn/pdQGUr+I5Qz3CZkd1gZzzC0eaXQHlrk0E2g==}
    engines: {node: '>= 10'}
    cpu: [ia32]
    os: [win32]
    requiresBuild: true
    dev: false
    optional: true

  /@next/swc-win32-x64-msvc/12.3.2:
    resolution: {integrity: sha512-tpQJYUH+TzPMIsdVl9fH8uDg47iwiNjKY+8e9da3dXqlkztKzjSw0OwSADoqh3KrifplXeKSta+BBGLdBqg3sg==}
    engines: {node: '>= 10'}
    cpu: [x64]
    os: [win32]
    requiresBuild: true
    dev: false
    optional: true

  /@swc/helpers/0.4.11:
    resolution: {integrity: sha512-rEUrBSGIoSFuYxwBYtlUFMlE2CwGhmW+w9355/5oduSw8e5h2+Tj4UrAGNNgP9915++wj5vkQo0UuOBqOAq4nw==}
    dependencies:
      tslib: 2.4.1
    dev: false

  /@tauri-apps/api/1.1.0:
    resolution: {integrity: sha512-n13pIqdPd3KtaMmmAcrU7BTfdMtIlGNnfZD0dNX8L4p8dgmuNyikm6JAA+yCpl9gqq6I8x5cV2Y0muqdgD0cWw==}
    engines: {node: '>= 12.22.0', npm: '>= 6.6.0', yarn: '>= 1.19.1'}
    dev: false

  /@tauri-apps/cli-darwin-arm64/1.1.1:
    resolution: {integrity: sha512-qBG11ig525/qf0f5OQxn0ON3hT8YdpTfpa4Y4kVqBJhdW50R5fadPv6tv5Dpl2TS2X7nWh/zg5mEXYoCK3HZ9w==}
    engines: {node: '>= 10'}
    cpu: [arm64]
    os: [darwin]
    requiresBuild: true
    dev: true
    optional: true

  /@tauri-apps/cli-darwin-x64/1.1.1:
    resolution: {integrity: sha512-M3dMsp78OdxisbTwAWGvy3jIb3uqThtQcUYVvqOu9LeEOHyldOBFDSht+6PTBpaJLAHFMQK2rmNxiWgigklJaA==}
    engines: {node: '>= 10'}
    cpu: [x64]
    os: [darwin]
    requiresBuild: true
    dev: true
    optional: true

  /@tauri-apps/cli-linux-arm-gnueabihf/1.1.1:
    resolution: {integrity: sha512-LYlvdAd73cq+yTi6rw7j/DWIvDpeApwgQkIn+HYsNNeFhyFmABU7tmw+pekK3W3nHAkYAJ69Rl4ZdoxdNGKmHg==}
    engines: {node: '>= 10'}
    cpu: [arm]
    os: [linux]
    requiresBuild: true
    dev: true
    optional: true

  /@tauri-apps/cli-linux-arm64-gnu/1.1.1:
    resolution: {integrity: sha512-o/hbMQIKuFI7cTNpeQBHD/OCNJOBIci78faKms/t6AstLXx0QJuRHDk477Rg6VVy/I3BBKbyATALbmcTq+ti0A==}
    engines: {node: '>= 10'}
    cpu: [arm64]
    os: [linux]
    requiresBuild: true
    dev: true
    optional: true

  /@tauri-apps/cli-linux-arm64-musl/1.1.1:
    resolution: {integrity: sha512-8Ci4qlDnXIp93XqUrtzFCBDatUzPHpZq7L3bociUbWpvy/bnlzxp1C/C+vwdc4uS1MiAp9v3BFgrU4i0f0Z3QQ==}
    engines: {node: '>= 10'}
    cpu: [arm64]
    os: [linux]
    requiresBuild: true
    dev: true
    optional: true

  /@tauri-apps/cli-linux-x64-gnu/1.1.1:
    resolution: {integrity: sha512-ES4Bkx2JAI8+dDNDJswhLS3yqt+yT/4C6UfGOPIHFxcXUh6fe36eUllrTt+HLRS9xTZbYnteJy7ebq2TqMkaxw==}
    engines: {node: '>= 10'}
    cpu: [x64]
    os: [linux]
    requiresBuild: true
    dev: true
    optional: true

  /@tauri-apps/cli-linux-x64-musl/1.1.1:
    resolution: {integrity: sha512-qrN1WOMAaDl+LE8P8iO0+DYlrWNTc9jIu/CsnVY/LImTn79ZPxEkcVBo0UGeKRI7f10TfvkVmLCBLxTz8QhEyA==}
    engines: {node: '>= 10'}
    cpu: [x64]
    os: [linux]
    requiresBuild: true
    dev: true
    optional: true

  /@tauri-apps/cli-win32-ia32-msvc/1.1.1:
    resolution: {integrity: sha512-vw7VOmrQlywHhFV3pf54udf2FRNj9dg9WP1gL0My55FnB+w+PWS9Ipm871kX5qepmChdnZHKq9fsqE2uTjX//Q==}
    engines: {node: '>= 10'}
    cpu: [ia32]
    os: [win32]
    requiresBuild: true
    dev: true
    optional: true

  /@tauri-apps/cli-win32-x64-msvc/1.1.1:
    resolution: {integrity: sha512-OukxlLLi3AoCN4ABnqCDTiiC7xJGWukAjrKCIx7wFISrLjNfsrnH7/UOzuopfGpZChSe2c+AamVmcpBfVsEmJA==}
    engines: {node: '>= 10'}
    cpu: [x64]
    os: [win32]
    requiresBuild: true
    dev: true
    optional: true

  /@tauri-apps/cli/1.1.1:
    resolution: {integrity: sha512-80kjMEMPBwLYCp0tTKSquy90PHHGGBvZsneNr3B/mWxNsvjzA1C0vOyGJGFrJuT2OmkvrdvuJZ5mch5hL8O1Xg==}
    engines: {node: '>= 10'}
    hasBin: true
    optionalDependencies:
      '@tauri-apps/cli-darwin-arm64': 1.1.1
      '@tauri-apps/cli-darwin-x64': 1.1.1
      '@tauri-apps/cli-linux-arm-gnueabihf': 1.1.1
      '@tauri-apps/cli-linux-arm64-gnu': 1.1.1
      '@tauri-apps/cli-linux-arm64-musl': 1.1.1
      '@tauri-apps/cli-linux-x64-gnu': 1.1.1
      '@tauri-apps/cli-linux-x64-musl': 1.1.1
      '@tauri-apps/cli-win32-ia32-msvc': 1.1.1
      '@tauri-apps/cli-win32-x64-msvc': 1.1.1
    dev: true

  /@types/node/18.11.9:
    resolution: {integrity: sha512-CRpX21/kGdzjOpFsZSkcrXMGIBWMGNIHXXBVFSH+ggkftxg+XYP20TESbh+zFvFj3EQOl5byk0HTRn1IL6hbqg==}
    dev: true

  /@types/prop-types/15.7.5:
    resolution: {integrity: sha512-JCB8C6SnDoQf0cNycqd/35A7MjcnK+ZTqE7judS6o7utxUCg6imJg3QK2qzHKszlTjcj2cn+NwMB2i96ubpj7w==}
    dev: true

  /@types/react-dom/18.0.8:
    resolution: {integrity: sha512-C3GYO0HLaOkk9dDAz3Dl4sbe4AKUGTCfFIZsz3n/82dPNN8Du533HzKatDxeUYWu24wJgMP1xICqkWk1YOLOIw==}
    dependencies:
      '@types/react': 18.0.25
    dev: true

  /@types/react/18.0.25:
    resolution: {integrity: sha512-xD6c0KDT4m7n9uD4ZHi02lzskaiqcBxf4zi+tXZY98a04wvc0hi/TcCPC2FOESZi51Nd7tlUeOJY8RofL799/g==}
    dependencies:
      '@types/prop-types': 15.7.5
      '@types/scheduler': 0.16.2
      csstype: 3.1.1
    dev: true

  /@types/scheduler/0.16.2:
    resolution: {integrity: sha512-hppQEBDmlwhFAXKJX2KnWLYu5yMfi91yazPb2l+lbJiwW+wdo1gNeRA+3RgNSO39WYX2euey41KEwnqesU2Jew==}
    dev: true

  /caniuse-lite/1.0.30001431:
    resolution: {integrity: sha512-zBUoFU0ZcxpvSt9IU66dXVT/3ctO1cy4y9cscs1szkPlcWb6pasYM144GqrUygUbT+k7cmUCW61cvskjcv0enQ==}
    dev: false

  /csstype/3.1.1:
    resolution: {integrity: sha512-DJR/VvkAvSZW9bTouZue2sSxDwdTN92uHjqeKVm+0dAqdfNykRzQ95tay8aXMBAAPpUiq4Qcug2L7neoRh2Egw==}
    dev: true

  /js-tokens/4.0.0:
    resolution: {integrity: sha512-RdJUflcE3cUzKiMqQgsCu06FPu9UdIJO0beYbPhHN4k6apgJtifcoCtT9bcxOpYBtpD2kCM6Sbzg4CausW/PKQ==}
    dev: false

  /loose-envify/1.4.0:
    resolution: {integrity: sha512-lyuxPGr/Wfhrlem2CL/UcnUc1zcqKAImBDzukY7Y5F/yQiNdko6+fRLevlw1HgMySw7f611UIY408EtxRSoK3Q==}
    hasBin: true
    dependencies:
      js-tokens: 4.0.0
    dev: false

  /nanoid/3.3.4:
    resolution: {integrity: sha512-MqBkQh/OHTS2egovRtLk45wEyNXwF+cokD+1YPf9u5VfJiRdAiRwB2froX5Co9Rh20xs4siNPm8naNotSD6RBw==}
    engines: {node: ^10 || ^12 || ^13.7 || ^14 || >=15.0.1}
    hasBin: true
    dev: false

  /next/12.3.2_biqbaboplfbrettd7655fr4n2y:
    resolution: {integrity: sha512-orzvvebCwOqaz1eA5ZA0R5dbKxqtJyw7yeig7kDspu6p8OrplfyelzpvMHcDTKscv/l0nn/0l0v3mSsE8w4k7A==}
    engines: {node: '>=12.22.0'}
    hasBin: true
    peerDependencies:
      fibers: '>= 3.1.0'
      node-sass: ^6.0.0 || ^7.0.0
      react: ^17.0.2 || ^18.0.0-0
      react-dom: ^17.0.2 || ^18.0.0-0
      sass: ^1.3.0
    peerDependenciesMeta:
      fibers:
        optional: true
      node-sass:
        optional: true
      sass:
        optional: true
    dependencies:
      '@next/env': 12.3.2
      '@swc/helpers': 0.4.11
      caniuse-lite: 1.0.30001431
      postcss: 8.4.14
      react: 18.2.0
      react-dom: 18.2.0_react@18.2.0
      styled-jsx: 5.0.7_react@18.2.0
      use-sync-external-store: 1.2.0_react@18.2.0
    optionalDependencies:
      '@next/swc-android-arm-eabi': 12.3.2
      '@next/swc-android-arm64': 12.3.2
      '@next/swc-darwin-arm64': 12.3.2
      '@next/swc-darwin-x64': 12.3.2
      '@next/swc-freebsd-x64': 12.3.2
      '@next/swc-linux-arm-gnueabihf': 12.3.2
      '@next/swc-linux-arm64-gnu': 12.3.2
      '@next/swc-linux-arm64-musl': 12.3.2
      '@next/swc-linux-x64-gnu': 12.3.2
      '@next/swc-linux-x64-musl': 12.3.2
      '@next/swc-win32-arm64-msvc': 12.3.2
      '@next/swc-win32-ia32-msvc': 12.3.2
      '@next/swc-win32-x64-msvc': 12.3.2
    transitivePeerDependencies:
      - '@babel/core'
      - babel-plugin-macros
    dev: false

  /picocolors/1.0.0:
    resolution: {integrity: sha512-1fygroTLlHu66zi26VoTDv8yRgm0Fccecssto+MhsZ0D/DGW2sm8E8AjW7NU5VVTRt5GxbeZ5qBuJr+HyLYkjQ==}
    dev: false

  /postcss/8.4.14:
    resolution: {integrity: sha512-E398TUmfAYFPBSdzgeieK2Y1+1cpdxJx8yXbK/m57nRhKSmk1GB2tO4lbLBtlkfPQTDKfe4Xqv1ASWPpayPEig==}
    engines: {node: ^10 || ^12 || >=14}
    dependencies:
      nanoid: 3.3.4
      picocolors: 1.0.0
      source-map-js: 1.0.2
    dev: false

  /react-dom/18.2.0_react@18.2.0:
    resolution: {integrity: sha512-6IMTriUmvsjHUjNtEDudZfuDQUoWXVxKHhlEGSk81n4YFS+r/Kl99wXiwlVXtPBtJenozv2P+hxDsw9eA7Xo6g==}
    peerDependencies:
      react: ^18.2.0
    dependencies:
      loose-envify: 1.4.0
      react: 18.2.0
      scheduler: 0.23.0
    dev: false

  /react/18.2.0:
    resolution: {integrity: sha512-/3IjMdb2L9QbBdWiW5e3P2/npwMBaU9mHCSCUzNln0ZCYbcfTsGbTJrU/kGemdH2IWmB2ioZ+zkxtmq6g09fGQ==}
    engines: {node: '>=0.10.0'}
    dependencies:
      loose-envify: 1.4.0
    dev: false

  /scheduler/0.23.0:
    resolution: {integrity: sha512-CtuThmgHNg7zIZWAXi3AsyIzA3n4xx7aNyjwC2VJldO2LMVDhFK+63xGqq6CsJH4rTAt6/M+N4GhZiDYPx9eUw==}
    dependencies:
      loose-envify: 1.4.0
    dev: false

  /source-map-js/1.0.2:
    resolution: {integrity: sha512-R0XvVJ9WusLiqTCEiGCmICCMplcCkIwwR11mOSD9CR5u+IXYdiseeEuXCVAjS54zqwkLcPNnmU4OeJ6tUrWhDw==}
    engines: {node: '>=0.10.0'}
    dev: false

  /styled-jsx/5.0.7_react@18.2.0:
    resolution: {integrity: sha512-b3sUzamS086YLRuvnaDigdAewz1/EFYlHpYBP5mZovKEdQQOIIYq8lApylub3HHZ6xFjV051kkGU7cudJmrXEA==}
    engines: {node: '>= 12.0.0'}
    peerDependencies:
      '@babel/core': '*'
      babel-plugin-macros: '*'
      react: '>= 16.8.0 || 17.x.x || ^18.0.0-0'
    peerDependenciesMeta:
      '@babel/core':
        optional: true
      babel-plugin-macros:
        optional: true
    dependencies:
      react: 18.2.0
    dev: false

  /tslib/2.4.1:
    resolution: {integrity: sha512-tGyy4dAjRIEwI7BzsB0lynWgOpfqjUdq91XXAlIWD2OwKBH7oCl/GZG/HT4BOHrTlPMOASlMQ7veyTqpmRcrNA==}
    dev: false

  /typescript/4.8.4:
    resolution: {integrity: sha512-QCh+85mCy+h0IGff8r5XWzOVSbBO+KfeYrMQh7NJ58QujwcE22u+NUSmUxqF+un70P9GXKxa2HCNiTTMJknyjQ==}
    engines: {node: '>=4.2.0'}
    hasBin: true
    dev: true

  /use-sync-external-store/1.2.0_react@18.2.0:
    resolution: {integrity: sha512-eEgnFxGQ1Ife9bzYs6VLi8/4X6CObHMw9Qr9tPY43iKwsPw8xE8+EFsf/2cFZ5S3esXgpWgtSCtLNS41F+sKPA==}
    peerDependencies:
      react: ^16.8.0 || ^17.0.0 || ^18.0.0
    dependencies:
      react: 18.2.0
    dev: false
